
Microsoft Visual Studio Solution File, Format Version 12.00
# Visual Studio Version 16
VisualStudioVersion = 16.0.31729.503
MinimumVisualStudioVersion = 10.0.40219.1
Project("{FAE04EC0-301F-11D3-BF4B-00C04F79EFBC}") = "ServerConfigMtk-P2-20190140067", "ServerConfigMtk-P2-20190140067\ServerConfigMtk-P2-20190140067.csproj", "{0C47659B-B6F0-43C2-9E11-BC06958227CE}"
EndProject
Global
	GlobalSection(SolutionConfigurationPlatforms) = preSolution
		Debug|Any CPU = Debug|Any CPU
		Release|Any CPU = Release|Any CPU
	EndGlobalSection
	GlobalSection(ProjectConfigurationPlatforms) = postSolution
		{0C47659B-B6F0-43C2-9E11-BC06958227CE}.Debug|Any CPU.ActiveCfg = Debug|Any CPU
		{0C47659B-B6F0-43C2-9E11-BC06958227CE}.Debug|Any CPU.Build.0 = Debug|Any CPU
		{0C47659B-B6F0-43C2-9E11-BC06958227CE}.Release|Any CPU.ActiveCfg = Release|Any CPU
		{0C47659B-B6F0-43C2-9E11-BC06958227CE}.Release|Any CPU.Build.0 = Release|Any CPU
	EndGlobalSection
	GlobalSection(SolutionProperties) = preSolution
		HideSolutionNode = FALSE
	EndGlobalSection
	GlobalSection(ExtensibilityGlobals) = postSolution
		SolutionGuid = {F84BF7DF-8F67-4B7C-9815-BEBD7780DC48}
	EndGlobalSection
EndGlobal
